// !$*UTF8*$!
{
	archiveVersion = 1;
	classes = {
	};
	objectVersion = 46;
	objects = {

/* Begin PBXBuildFile section */
		547A9CF81C373F9100A6E0E4 /* OpenGL.framework in Frameworks */ = {isa = PBXBuildFile; fileRef = 547A9CF71C373F9100A6E0E4 /* OpenGL.framework */; };
		547A9D081C37458A00A6E0E4 /* graphics.cpp in Sources */ = {isa = PBXBuildFile; fileRef = 547A9D071C37458A00A6E0E4 /* graphics.cpp */; };
		547A9D0B1C37860300A6E0E4 /* gamemanager.cpp in Sources */ = {isa = PBXBuildFile; fileRef = 547A9D0A1C37860300A6E0E4 /* gamemanager.cpp */; };
		547A9D101C399D6C00A6E0E4 /* entity.cpp in Sources */ = {isa = PBXBuildFile; fileRef = 547A9D0F1C399D6C00A6E0E4 /* entity.cpp */; };
		547A9D171C3C7DE600A6E0E4 /* entitymanager.cpp in Sources */ = {isa = PBXBuildFile; fileRef = 547A9D161C3C7DE600A6E0E4 /* entitymanager.cpp */; };
		54D396FD1C37356D00419D37 /* SDL2.framework in Frameworks */ = {isa = PBXBuildFile; fileRef = 54DB65E11C372D6500E5D840 /* SDL2.framework */; };
		54DB65DB1C372BD800E5D840 /* main.cpp in Sources */ = {isa = PBXBuildFile; fileRef = 54DB65DA1C372BD800E5D840 /* main.cpp */; };
/* End PBXBuildFile section */

/* Begin PBXCopyFilesBuildPhase section */
		54DB65D51C372BD800E5D840 /* CopyFiles */ = {
			isa = PBXCopyFilesBuildPhase;
			buildActionMask = 2147483647;
			dstPath = /usr/share/man/man1/;
			dstSubfolderSpec = 0;
			files = (
			);
			runOnlyForDeploymentPostprocessing = 1;
		};
/* End PBXCopyFilesBuildPhase section */

/* Begin PBXFileReference section */
		547A9CF71C373F9100A6E0E4 /* OpenGL.framework */ = {isa = PBXFileReference; lastKnownFileType = wrapper.framework; name = OpenGL.framework; path = System/Library/Frameworks/OpenGL.framework; sourceTree = SDKROOT; };
		547A9D061C37457D00A6E0E4 /* graphics.h */ = {isa = PBXFileReference; fileEncoding = 4; lastKnownFileType = sourcecode.c.h; path = graphics.h; sourceTree = "<group>"; };
		547A9D071C37458A00A6E0E4 /* graphics.cpp */ = {isa = PBXFileReference; fileEncoding = 4; lastKnownFileType = sourcecode.cpp.cpp; path = graphics.cpp; sourceTree = "<group>"; };
		547A9D091C3785E100A6E0E4 /* gamemanager.h */ = {isa = PBXFileReference; fileEncoding = 4; lastKnownFileType = sourcecode.c.h; path = gamemanager.h; sourceTree = "<group>"; };
		547A9D0A1C37860300A6E0E4 /* gamemanager.cpp */ = {isa = PBXFileReference; fileEncoding = 4; lastKnownFileType = sourcecode.cpp.cpp; path = gamemanager.cpp; sourceTree = "<group>"; };
		547A9D0C1C379F6900A6E0E4 /* resourcemanager.cpp */ = {isa = PBXFileReference; fileEncoding = 4; lastKnownFileType = sourcecode.cpp.cpp; path = resourcemanager.cpp; sourceTree = "<group>"; };
		547A9D0D1C379F8700A6E0E4 /* resourcemanager.h */ = {isa = PBXFileReference; fileEncoding = 4; lastKnownFileType = sourcecode.c.h; path = resourcemanager.h; sourceTree = "<group>"; };
		547A9D0E1C39497400A6E0E4 /* entity.h */ = {isa = PBXFileReference; fileEncoding = 4; lastKnownFileType = sourcecode.c.h; path = entity.h; sourceTree = "<group>"; };
		547A9D0F1C399D6C00A6E0E4 /* entity.cpp */ = {isa = PBXFileReference; fileEncoding = 4; lastKnownFileType = sourcecode.cpp.cpp; path = entity.cpp; sourceTree = "<group>"; };
		547A9D111C39B59F00A6E0E4 /* component.h */ = {isa = PBXFileReference; fileEncoding = 4; lastKnownFileType = sourcecode.c.h; path = component.h; sourceTree = "<group>"; };
		547A9D141C39D9BD00A6E0E4 /* drawable.h */ = {isa = PBXFileReference; fileEncoding = 4; lastKnownFileType = sourcecode.c.h; path = drawable.h; sourceTree = "<group>"; };
		547A9D151C3B346F00A6E0E4 /* entitymanager.h */ = {isa = PBXFileReference; fileEncoding = 4; lastKnownFileType = sourcecode.c.h; path = entitymanager.h; sourceTree = "<group>"; };
		547A9D161C3C7DE600A6E0E4 /* entitymanager.cpp */ = {isa = PBXFileReference; fileEncoding = 4; lastKnownFileType = sourcecode.cpp.cpp; path = entitymanager.cpp; sourceTree = "<group>"; };
		54DB65D71C372BD800E5D840 /* Tactics */ = {isa = PBXFileReference; explicitFileType = "compiled.mach-o.executable"; includeInIndex = 0; path = Tactics; sourceTree = BUILT_PRODUCTS_DIR; };
		54DB65DA1C372BD800E5D840 /* main.cpp */ = {isa = PBXFileReference; lastKnownFileType = sourcecode.cpp.cpp; path = main.cpp; sourceTree = "<group>"; };
		54DB65E11C372D6500E5D840 /* SDL2.framework */ = {isa = PBXFileReference; lastKnownFileType = wrapper.framework; name = SDL2.framework; path = ../../../../../../../Library/Frameworks/SDL2.framework; sourceTree = "<group>"; };
/* End PBXFileReference section */

/* Begin PBXFrameworksBuildPhase section */
		54DB65D41C372BD800E5D840 /* Frameworks */ = {
			isa = PBXFrameworksBuildPhase;
			buildActionMask = 2147483647;
			files = (
				547A9CF81C373F9100A6E0E4 /* OpenGL.framework in Frameworks */,
				54D396FD1C37356D00419D37 /* SDL2.framework in Frameworks */,
			);
			runOnlyForDeploymentPostprocessing = 0;
		};
/* End PBXFrameworksBuildPhase section */

/* Begin PBXGroup section */
		547A9D041C37455E00A6E0E4 /* include */ = {
			isa = PBXGroup;
			children = (
				547A9D121C39B60500A6E0E4 /* components */,
				547A9D091C3785E100A6E0E4 /* gamemanager.h */,
				547A9D061C37457D00A6E0E4 /* graphics.h */,
				547A9D0D1C379F8700A6E0E4 /* resourcemanager.h */,
				547A9D0E1C39497400A6E0E4 /* entity.h */,
				547A9D151C3B346F00A6E0E4 /* entitymanager.h */,
			);
			name = include;
			sourceTree = "<group>";
		};
		547A9D051C37456700A6E0E4 /* src */ = {
			isa = PBXGroup;
			children = (
				547A9D131C39B61C00A6E0E4 /* components */,
				547A9D0A1C37860300A6E0E4 /* gamemanager.cpp */,
				547A9D071C37458A00A6E0E4 /* graphics.cpp */,
				547A9D0C1C379F6900A6E0E4 /* resourcemanager.cpp */,
				547A9D0F1C399D6C00A6E0E4 /* entity.cpp */,
				547A9D161C3C7DE600A6E0E4 /* entitymanager.cpp */,
			);
			name = src;
			sourceTree = "<group>";
		};
		547A9D121C39B60500A6E0E4 /* components */ = {
			isa = PBXGroup;
			children = (
				547A9D111C39B59F00A6E0E4 /* component.h */,
				547A9D141C39D9BD00A6E0E4 /* drawable.h */,
			);
			name = components;
			sourceTree = "<group>";
		};
		547A9D131C39B61C00A6E0E4 /* components */ = {
			isa = PBXGroup;
			children = (
			);
			name = components;
			sourceTree = "<group>";
		};
		54DB65CE1C372BD800E5D840 = {
			isa = PBXGroup;
			children = (
				547A9CF71C373F9100A6E0E4 /* OpenGL.framework */,
				54DB65E11C372D6500E5D840 /* SDL2.framework */,
				54DB65D91C372BD800E5D840 /* Tactics */,
				54DB65D81C372BD800E5D840 /* Products */,
			);
			sourceTree = "<group>";
		};
		54DB65D81C372BD800E5D840 /* Products */ = {
			isa = PBXGroup;
			children = (
				54DB65D71C372BD800E5D840 /* Tactics */,
			);
			name = Products;
			sourceTree = "<group>";
		};
		54DB65D91C372BD800E5D840 /* Tactics */ = {
			isa = PBXGroup;
			children = (
				547A9D051C37456700A6E0E4 /* src */,
				547A9D041C37455E00A6E0E4 /* include */,
				54DB65DA1C372BD800E5D840 /* main.cpp */,
			);
			path = Tactics;
			sourceTree = "<group>";
		};
/* End PBXGroup section */

/* Begin PBXNativeTarget section */
		54DB65D61C372BD800E5D840 /* Tactics */ = {
			isa = PBXNativeTarget;
			buildConfigurationList = 54DB65DE1C372BD800E5D840 /* Build configuration list for PBXNativeTarget "Tactics" */;
			buildPhases = (
				54DB65D31C372BD800E5D840 /* Sources */,
				54DB65D41C372BD800E5D840 /* Frameworks */,
				54DB65D51C372BD800E5D840 /* CopyFiles */,
			);
			buildRules = (
			);
			dependencies = (
			);
			name = Tactics;
			productName = Tactics;
			productReference = 54DB65D71C372BD800E5D840 /* Tactics */;
			productType = "com.apple.product-type.tool";
		};
/* End PBXNativeTarget section */

/* Begin PBXProject section */
		54DB65CF1C372BD800E5D840 /* Project object */ = {
			isa = PBXProject;
			attributes = {
				LastUpgradeCheck = 0720;
				ORGANIZATIONNAME = "Curtis Covington";
				TargetAttributes = {
					54DB65D61C372BD800E5D840 = {
						CreatedOnToolsVersion = 7.2;
					};
				};
			};
			buildConfigurationList = 54DB65D21C372BD800E5D840 /* Build configuration list for PBXProject "Tactics" */;
			compatibilityVersion = "Xcode 3.2";
			developmentRegion = English;
			hasScannedForEncodings = 0;
			knownRegions = (
				en,
			);
			mainGroup = 54DB65CE1C372BD800E5D840;
			productRefGroup = 54DB65D81C372BD800E5D840 /* Products */;
			projectDirPath = "";
			projectRoot = "";
			targets = (
				54DB65D61C372BD800E5D840 /* Tactics */,
			);
		};
/* End PBXProject section */

/* Begin PBXSourcesBuildPhase section */
		54DB65D31C372BD800E5D840 /* Sources */ = {
			isa = PBXSourcesBuildPhase;
			buildActionMask = 2147483647;
			files = (
				547A9D101C399D6C00A6E0E4 /* entity.cpp in Sources */,
				54DB65DB1C372BD800E5D840 /* main.cpp in Sources */,
				547A9D171C3C7DE600A6E0E4 /* entitymanager.cpp in Sources */,
				547A9D081C37458A00A6E0E4 /* graphics.cpp in Sources */,
				547A9D0B1C37860300A6E0E4 /* gamemanager.cpp in Sources */,
			);
			runOnlyForDeploymentPostprocessing = 0;
		};
/* End PBXSourcesBuildPhase section */

/* Begin XCBuildConfiguration section */
		54DB65DC1C372BD800E5D840 /* Debug */ = {
			isa = XCBuildConfiguration;
			buildSettings = {
				ALWAYS_SEARCH_USER_PATHS = NO;
				CLANG_CXX_LANGUAGE_STANDARD = "gnu++0x";
				CLANG_CXX_LIBRARY = "libc++";
				CLANG_ENABLE_MODULES = YES;
				CLANG_ENABLE_OBJC_ARC = YES;
				CLANG_WARN_BOOL_CONVERSION = YES;
				CLANG_WARN_CONSTANT_CONVERSION = YES;
				CLANG_WARN_DIRECT_OBJC_ISA_USAGE = YES_ERROR;
				CLANG_WARN_EMPTY_BODY = YES;
				CLANG_WARN_ENUM_CONVERSION = YES;
				CLANG_WARN_INT_CONVERSION = YES;
				CLANG_WARN_OBJC_ROOT_CLASS = YES_ERROR;
				CLANG_WARN_UNREACHABLE_CODE = YES;
				CLANG_WARN__DUPLICATE_METHOD_MATCH = YES;
				CODE_SIGN_IDENTITY = "-";
				COPY_PHASE_STRIP = NO;
				DEBUG_INFORMATION_FORMAT = dwarf;
				ENABLE_STRICT_OBJC_MSGSEND = YES;
				ENABLE_TESTABILITY = YES;
				GCC_C_LANGUAGE_STANDARD = gnu99;
				GCC_DYNAMIC_NO_PIC = NO;
				GCC_NO_COMMON_BLOCKS = YES;
				GCC_OPTIMIZATION_LEVEL = 0;
				GCC_PREPROCESSOR_DEFINITIONS = (
					"DEBUG=1",
					"$(inherited)",
				);
				GCC_WARN_64_TO_32_BIT_CONVERSION = YES;
				GCC_WARN_ABOUT_RETURN_TYPE = YES_ERROR;
				GCC_WARN_UNDECLARED_SELECTOR = YES;
				GCC_WARN_UNINITIALIZED_AUTOS = YES_AGGRESSIVE;
				GCC_WARN_UNUSED_FUNCTION = YES;
				GCC_WARN_UNUSED_VARIABLE = YES;
				MACOSX_DEPLOYMENT_TARGET = 10.11;
				MTL_ENABLE_DEBUG_INFO = YES;
				ONLY_ACTIVE_ARCH = YES;
				SDKROOT = macosx;
			};
			name = Debug;
		};
		54DB65DD1C372BD800E5D840 /* Release */ = {
			isa = XCBuildConfiguration;
			buildSettings = {
				ALWAYS_SEARCH_USER_PATHS = NO;
				CLANG_CXX_LANGUAGE_STANDARD = "gnu++0x";
				CLANG_CXX_LIBRARY = "libc++";
				CLANG_ENABLE_MODULES = YES;
				CLANG_ENABLE_OBJC_ARC = YES;
				CLANG_WARN_BOOL_CONVERSION = YES;
				CLANG_WARN_CONSTANT_CONVERSION = YES;
				CLANG_WARN_DIRECT_OBJC_ISA_USAGE = YES_ERROR;
				CLANG_WARN_EMPTY_BODY = YES;
				CLANG_WARN_ENUM_CONVERSION = YES;
				CLANG_WARN_INT_CONVERSION = YES;
				CLANG_WARN_OBJC_ROOT_CLASS = YES_ERROR;
				CLANG_WARN_UNREACHABLE_CODE = YES;
				CLANG_WARN__DUPLICATE_METHOD_MATCH = YES;
				CODE_SIGN_IDENTITY = "-";
				COPY_PHASE_STRIP = NO;
				DEBUG_INFORMATION_FORMAT = "dwarf-with-dsym";
				ENABLE_NS_ASSERTIONS = NO;
				ENABLE_STRICT_OBJC_MSGSEND = YES;
				GCC_C_LANGUAGE_STANDARD = gnu99;
				GCC_NO_COMMON_BLOCKS = YES;
				GCC_WARN_64_TO_32_BIT_CONVERSION = YES;
				GCC_WARN_ABOUT_RETURN_TYPE = YES_ERROR;
				GCC_WARN_UNDECLARED_SELECTOR = YES;
				GCC_WARN_UNINITIALIZED_AUTOS = YES_AGGRESSIVE;
				GCC_WARN_UNUSED_FUNCTION = YES;
				GCC_WARN_UNUSED_VARIABLE = YES;
				MACOSX_DEPLOYMENT_TARGET = 10.11;
				MTL_ENABLE_DEBUG_INFO = NO;
				SDKROOT = macosx;
			};
			name = Release;
		};
		54DB65DF1C372BD800E5D840 /* Debug */ = {
			isa = XCBuildConfiguration;
			buildSettings = {
				ALWAYS_SEARCH_USER_PATHS = YES;
				FRAMEWORK_SEARCH_PATHS = "$(LOCAL_LIBRARY_DIR)/Frameworks";
				OTHER_CFLAGS = "-I/include/";
				PRODUCT_NAME = "$(TARGET_NAME)";
				USER_HEADER_SEARCH_PATHS = include/;
			};
			name = Debug;
		};
		54DB65E01C372BD800E5D840 /* Release */ = {
			isa = XCBuildConfiguration;
			buildSettings = {
				ALWAYS_SEARCH_USER_PATHS = YES;
				FRAMEWORK_SEARCH_PATHS = "$(LOCAL_LIBRARY_DIR)/Frameworks";
				OTHER_CFLAGS = "-I/include/";
				PRODUCT_NAME = "$(TARGET_NAME)";
				USER_HEADER_SEARCH_PATHS = include/;
			};
			name = Release;
		};
/* End XCBuildConfiguration section */

/* Begin XCConfigurationList section */
		54DB65D21C372BD800E5D840 /* Build configuration list for PBXProject "Tactics" */ = {
			isa = XCConfigurationList;
			buildConfigurations = (
				54DB65DC1C372BD800E5D840 /* Debug */,
				54DB65DD1C372BD800E5D840 /* Release */,
			);
			defaultConfigurationIsVisible = 0;
			defaultConfigurationName = Release;
		};
		54DB65DE1C372BD800E5D840 /* Build configuration list for PBXNativeTarget "Tactics" */ = {
			isa = XCConfigurationList;
			buildConfigurations = (
				54DB65DF1C372BD800E5D840 /* Debug */,
				54DB65E01C372BD800E5D840 /* Release */,
			);
			defaultConfigurationIsVisible = 0;
			defaultConfigurationName = Release;
		};
/* End XCConfigurationList section */
	};
	rootObject = 54DB65CF1C372BD800E5D840 /* Project object */;
}
